
Microsoft Visual Studio Solution File, Format Version 12.00
# Visual Studio 15
VisualStudioVersion = 15.0.27004.2009
MinimumVisualStudioVersion = 10.0.40219.1
Project("{FAE04EC0-301F-11D3-BF4B-00C04F79EFBC}") = "CreationDuGrosSon", "CreationDuGrosSon\CreationDuGrosSon.csproj", "{1119F102-6523-477F-B66D-E6525C0E803E}"
EndProject
Global
	GlobalSection(SolutionConfigurationPlatforms) = preSolution
		Debug|Any CPU = Debug|Any CPU
		Release|Any CPU = Release|Any CPU
	EndGlobalSection
	GlobalSection(ProjectConfigurationPlatforms) = postSolution
		{1119F102-6523-477F-B66D-E6525C0E803E}.Debug|Any CPU.ActiveCfg = Debug|Any CPU
		{1119F102-6523-477F-B66D-E6525C0E803E}.Debug|Any CPU.Build.0 = Debug|Any CPU
		{1119F102-6523-477F-B66D-E6525C0E803E}.Release|Any CPU.ActiveCfg = Release|Any CPU
		{1119F102-6523-477F-B66D-E6525C0E803E}.Release|Any CPU.Build.0 = Release|Any CPU
	EndGlobalSection
	GlobalSection(SolutionProperties) = preSolution
		HideSolutionNode = FALSE
	EndGlobalSection
	GlobalSection(ExtensibilityGlobals) = postSolution
		SolutionGuid = {8A5BC652-2732-45E0-8D95-B431CA145CFF}
	EndGlobalSection
EndGlobal
